
Microsoft Visual Studio Solution File, Format Version 12.00
# Visual Studio 14
VisualStudioVersion = 14.0.25420.1
MinimumVisualStudioVersion = 10.0.40219.1
Project("{FAE04EC0-301F-11D3-BF4B-00C04F79EFBC}") = "SharpUpdate", "SharpUpdate\SharpUpdate.csproj", "{9A0064B7-CDE7-47A1-B5A3-AA5142A77A16}"
EndProject
Project("{FAE04EC0-301F-11D3-BF4B-00C04F79EFBC}") = "App", "App\App.csproj", "{D821C7D3-BB77-4D99-B16C-0BF2F5809348}"
EndProject
Global
	GlobalSection(SolutionConfigurationPlatforms) = preSolution
		Debug|Any CPU = Debug|Any CPU
		Release|Any CPU = Release|Any CPU
	EndGlobalSection
	GlobalSection(ProjectConfigurationPlatforms) = postSolution
		{9A0064B7-CDE7-47A1-B5A3-AA5142A77A16}.Debug|Any CPU.ActiveCfg = Debug|Any CPU
		{9A0064B7-CDE7-47A1-B5A3-AA5142A77A16}.Debug|Any CPU.Build.0 = Debug|Any CPU
		{9A0064B7-CDE7-47A1-B5A3-AA5142A77A16}.Release|Any CPU.ActiveCfg = Release|Any CPU
		{9A0064B7-CDE7-47A1-B5A3-AA5142A77A16}.Release|Any CPU.Build.0 = Release|Any CPU
		{D821C7D3-BB77-4D99-B16C-0BF2F5809348}.Debug|Any CPU.ActiveCfg = Debug|Any CPU
		{D821C7D3-BB77-4D99-B16C-0BF2F5809348}.Debug|Any CPU.Build.0 = Debug|Any CPU
		{D821C7D3-BB77-4D99-B16C-0BF2F5809348}.Release|Any CPU.ActiveCfg = Release|Any CPU
		{D821C7D3-BB77-4D99-B16C-0BF2F5809348}.Release|Any CPU.Build.0 = Release|Any CPU
	EndGlobalSection
	GlobalSection(SolutionProperties) = preSolution
		HideSolutionNode = FALSE
	EndGlobalSection
EndGlobal
